
Microsoft Visual Studio Solution File, Format Version 12.00
# Visual Studio Version 17
VisualStudioVersion = 17.11.35208.52
MinimumVisualStudioVersion = 10.0.40219.1
Project("{FAE04EC0-301F-11D3-BF4B-00C04F79EFBC}") = "DatosOperadores", "DatosOperadores.csproj", "{DF6AEFB6-8EF0-460A-B7C6-216A1624A7FF}"
EndProject
Global
	GlobalSection(SolutionConfigurationPlatforms) = preSolution
		Debug|Any CPU = Debug|Any CPU
		Release|Any CPU = Release|Any CPU
	EndGlobalSection
	GlobalSection(ProjectConfigurationPlatforms) = postSolution
		{DF6AEFB6-8EF0-460A-B7C6-216A1624A7FF}.Debug|Any CPU.ActiveCfg = Debug|Any CPU
		{DF6AEFB6-8EF0-460A-B7C6-216A1624A7FF}.Debug|Any CPU.Build.0 = Debug|Any CPU
		{DF6AEFB6-8EF0-460A-B7C6-216A1624A7FF}.Release|Any CPU.ActiveCfg = Release|Any CPU
		{DF6AEFB6-8EF0-460A-B7C6-216A1624A7FF}.Release|Any CPU.Build.0 = Release|Any CPU
	EndGlobalSection
	GlobalSection(SolutionProperties) = preSolution
		HideSolutionNode = FALSE
	EndGlobalSection
	GlobalSection(ExtensibilityGlobals) = postSolution
		SolutionGuid = {DE126B0D-F1AD-4BEC-B573-971612ECFC38}
	EndGlobalSection
EndGlobal
